Microsoft Visual Studio Solution File, Format Version 8.00
Project("{8BC9CEB8-8B4A-11D0-8D11-00A0C91BC942}") = "windirstat", "windirstat\windirstat.vcproj", "{BD11B94C-6594-4477-9FDF-2E24447D1F14}"
	ProjectSection(ProjectDependencies) = postProject
		{B22C844E-3380-4CCA-916C-ACD354D291C4} = {B22C844E-3380-4CCA-916C-ACD354D291C4}
	EndProjectSection
EndProject
Project("{8BC9CEB8-8B4A-11D0-8D11-00A0C91BC942}") = "wdsr0407", "wdsr0407\wdsr0407.vcproj", "{C7A5D1EC-35D3-4754-A815-2C527CACD584}"
	ProjectSection(ProjectDependencies) = postProject
		{B22C844E-3380-4CCA-916C-ACD354D291C4} = {B22C844E-3380-4CCA-916C-ACD354D291C4}
	EndProjectSection
EndProject
Project("{8BC9CEB8-8B4A-11D0-8D11-00A0C91BC942}") = "wdsh0407", "wdsh0407\wdsh0407.vcproj", "{76695BEC-D0B6-44BC-8F2D-E9C45D239137}"
	ProjectSection(ProjectDependencies) = postProject
		{BD11B94C-6594-4477-9FDF-2E24447D1F14} = {BD11B94C-6594-4477-9FDF-2E24447D1F14}
	EndProjectSection
EndProject
Project("{8BC9CEB8-8B4A-11D0-8D11-00A0C91BC942}") = "setup", "setup\setup.vcproj", "{C9448E7F-B7CF-4267-81EC-0D9F98589F2C}"
	ProjectSection(ProjectDependencies) = postProject
		{B22C844E-3380-4CCA-916C-ACD354D291C4} = {B22C844E-3380-4CCA-916C-ACD354D291C4}
	EndProjectSection
EndProject
Project("{8BC9CEB8-8B4A-11D0-8D11-00A0C91BC942}") = "wdshelp", "wdshelp\wdshelp.vcproj", "{7EE5206B-1657-482A-B6A1-343DE5D6DE11}"
	ProjectSection(ProjectDependencies) = postProject
		{BD11B94C-6594-4477-9FDF-2E24447D1F14} = {BD11B94C-6594-4477-9FDF-2E24447D1F14}
	EndProjectSection
EndProject
Project("{8BC9CEB8-8B4A-11D0-8D11-00A0C91BC942}") = "wdsr040c", "wdsr040c\wdsr040c.vcproj", "{DA4DDD24-67BC-4A9D-87D3-18C73E5CAF31}"
	ProjectSection(ProjectDependencies) = postProject
		{B22C844E-3380-4CCA-916C-ACD354D291C4} = {B22C844E-3380-4CCA-916C-ACD354D291C4}
	EndProjectSection
EndProject
Project("{8BC9CEB8-8B4A-11D0-8D11-00A0C91BC942}") = "linkcounter", "linkcounter\linkcounter.vcproj", "{B22C844E-3380-4CCA-916C-ACD354D291C4}"
	ProjectSection(ProjectDependencies) = postProject
	EndProjectSection
EndProject
Project("{8BC9CEB8-8B4A-11D0-8D11-00A0C91BC942}") = "wdsr0415", "wdsr0415\wdsr0415.vcproj", "{23B76347-204C-4DE6-A311-F562CEF5D89C}"
	ProjectSection(ProjectDependencies) = postProject
	EndProjectSection
EndProject
Project("{8BC9CEB8-8B4A-11D0-8D11-00A0C91BC942}") = "wdsr0419", "wdsr0419\wdsr0419.vcproj", "{23B76347-204C-4DE6-A311-F562CEF5D89C}"
	ProjectSection(ProjectDependencies) = postProject
	EndProjectSection
EndProject
Project("{8BC9CEB8-8B4A-11D0-8D11-00A0C91BC942}") = "wdsh0415", "wdsh0415\wdsh0415.vcproj", "{3222DC0C-0051-43EB-854C-EF59E2B4988D}"
	ProjectSection(ProjectDependencies) = postProject
	EndProjectSection
EndProject
Project("{8BC9CEB8-8B4A-11D0-8D11-00A0C91BC942}") = "wdsr040e", "wdsr040e\wdsr040e.vcproj", "{2A75AA20-BFFE-4D1C-8AEC-274823223919}"
	ProjectSection(ProjectDependencies) = postProject
	EndProjectSection
EndProject
Project("{8BC9CEB8-8B4A-11D0-8D11-00A0C91BC942}") = "wdsr040a", "wdsr040a\wdsr040a.vcproj", "{23B76347-204C-4DE6-A311-F562CEF5D89C}"
	ProjectSection(ProjectDependencies) = postProject
	EndProjectSection
EndProject
Project("{8BC9CEB8-8B4A-11D0-8D11-00A0C91BC942}") = "wdsr0402", "wdsr0402\wdsr0402.vcproj", "{23B76347-204C-4DE6-A311-F562CEF5D89C}"
	ProjectSection(ProjectDependencies) = postProject
	EndProjectSection
EndProject
Project("{8BC9CEB8-8B4A-11D0-8D11-00A0C91BC942}") = "wdsh040e", "wdsh040e\wdsh040e.vcproj", "{0F62BE24-501D-46D8-AFCD-4472C9019DD1}"
	ProjectSection(ProjectDependencies) = postProject
	EndProjectSection
EndProject
Global
	GlobalSection(SolutionConfiguration) = preSolution
		Debug = Debug
		Release = Release
		StrongDebug = StrongDebug
		UnicodeDebug = UnicodeDebug
		UnicodeRelease = UnicodeRelease
	EndGlobalSection
	GlobalSection(ProjectConfiguration) = postSolution
		{BD11B94C-6594-4477-9FDF-2E24447D1F14}.Debug.ActiveCfg = Debug|Win32
		{BD11B94C-6594-4477-9FDF-2E24447D1F14}.Debug.Build.0 = Debug|Win32
		{BD11B94C-6594-4477-9FDF-2E24447D1F14}.Release.ActiveCfg = Release|Win32
		{BD11B94C-6594-4477-9FDF-2E24447D1F14}.Release.Build.0 = Release|Win32
		{BD11B94C-6594-4477-9FDF-2E24447D1F14}.StrongDebug.ActiveCfg = StrongDebug|Win32
		{BD11B94C-6594-4477-9FDF-2E24447D1F14}.StrongDebug.Build.0 = StrongDebug|Win32
		{BD11B94C-6594-4477-9FDF-2E24447D1F14}.UnicodeDebug.ActiveCfg = UnicodeDebug|Win32
		{BD11B94C-6594-4477-9FDF-2E24447D1F14}.UnicodeDebug.Build.0 = UnicodeDebug|Win32
		{BD11B94C-6594-4477-9FDF-2E24447D1F14}.UnicodeRelease.ActiveCfg = UnicodeRelease|Win32
		{BD11B94C-6594-4477-9FDF-2E24447D1F14}.UnicodeRelease.Build.0 = UnicodeRelease|Win32
		{C7A5D1EC-35D3-4754-A815-2C527CACD584}.Debug.ActiveCfg = UnicodeRelease|Win32
		{C7A5D1EC-35D3-4754-A815-2C527CACD584}.Debug.Build.0 = UnicodeRelease|Win32
		{C7A5D1EC-35D3-4754-A815-2C527CACD584}.Release.ActiveCfg = UnicodeRelease|Win32
		{C7A5D1EC-35D3-4754-A815-2C527CACD584}.Release.Build.0 = UnicodeRelease|Win32
		{C7A5D1EC-35D3-4754-A815-2C527CACD584}.StrongDebug.ActiveCfg = UnicodeRelease|Win32
		{C7A5D1EC-35D3-4754-A815-2C527CACD584}.StrongDebug.Build.0 = UnicodeRelease|Win32
		{C7A5D1EC-35D3-4754-A815-2C527CACD584}.UnicodeDebug.ActiveCfg = UnicodeRelease|Win32
		{C7A5D1EC-35D3-4754-A815-2C527CACD584}.UnicodeDebug.Build.0 = UnicodeRelease|Win32
		{C7A5D1EC-35D3-4754-A815-2C527CACD584}.UnicodeRelease.ActiveCfg = UnicodeRelease|Win32
		{C7A5D1EC-35D3-4754-A815-2C527CACD584}.UnicodeRelease.Build.0 = UnicodeRelease|Win32
		{76695BEC-D0B6-44BC-8F2D-E9C45D239137}.Debug.ActiveCfg = Release|Win32
		{76695BEC-D0B6-44BC-8F2D-E9C45D239137}.Debug.Build.0 = Release|Win32
		{76695BEC-D0B6-44BC-8F2D-E9C45D239137}.Release.ActiveCfg = Release|Win32
		{76695BEC-D0B6-44BC-8F2D-E9C45D239137}.Release.Build.0 = Release|Win32
		{76695BEC-D0B6-44BC-8F2D-E9C45D239137}.StrongDebug.ActiveCfg = Release|Win32
		{76695BEC-D0B6-44BC-8F2D-E9C45D239137}.StrongDebug.Build.0 = Release|Win32
		{76695BEC-D0B6-44BC-8F2D-E9C45D239137}.UnicodeDebug.ActiveCfg = Release|Win32
		{76695BEC-D0B6-44BC-8F2D-E9C45D239137}.UnicodeDebug.Build.0 = Release|Win32
		{76695BEC-D0B6-44BC-8F2D-E9C45D239137}.UnicodeRelease.ActiveCfg = Release|Win32
		{76695BEC-D0B6-44BC-8F2D-E9C45D239137}.UnicodeRelease.Build.0 = Release|Win32
		{C9448E7F-B7CF-4267-81EC-0D9F98589F2C}.Debug.ActiveCfg = Debug|Win32
		{C9448E7F-B7CF-4267-81EC-0D9F98589F2C}.Debug.Build.0 = Debug|Win32
		{C9448E7F-B7CF-4267-81EC-0D9F98589F2C}.Release.ActiveCfg = Release|Win32
		{C9448E7F-B7CF-4267-81EC-0D9F98589F2C}.Release.Build.0 = Release|Win32
		{C9448E7F-B7CF-4267-81EC-0D9F98589F2C}.StrongDebug.ActiveCfg = Debug|Win32
		{C9448E7F-B7CF-4267-81EC-0D9F98589F2C}.StrongDebug.Build.0 = Debug|Win32
		{C9448E7F-B7CF-4267-81EC-0D9F98589F2C}.UnicodeDebug.ActiveCfg = UnicodeDebug|Win32
		{C9448E7F-B7CF-4267-81EC-0D9F98589F2C}.UnicodeDebug.Build.0 = UnicodeDebug|Win32
		{C9448E7F-B7CF-4267-81EC-0D9F98589F2C}.UnicodeRelease.ActiveCfg = UnicodeRelease|Win32
		{C9448E7F-B7CF-4267-81EC-0D9F98589F2C}.UnicodeRelease.Build.0 = UnicodeRelease|Win32
		{7EE5206B-1657-482A-B6A1-343DE5D6DE11}.Debug.ActiveCfg = Release|Win32
		{7EE5206B-1657-482A-B6A1-343DE5D6DE11}.Debug.Build.0 = Release|Win32
		{7EE5206B-1657-482A-B6A1-343DE5D6DE11}.Release.ActiveCfg = Release|Win32
		{7EE5206B-1657-482A-B6A1-343DE5D6DE11}.Release.Build.0 = Release|Win32
		{7EE5206B-1657-482A-B6A1-343DE5D6DE11}.StrongDebug.ActiveCfg = Release|Win32
		{7EE5206B-1657-482A-B6A1-343DE5D6DE11}.StrongDebug.Build.0 = Release|Win32
		{7EE5206B-1657-482A-B6A1-343DE5D6DE11}.UnicodeDebug.ActiveCfg = Release|Win32
		{7EE5206B-1657-482A-B6A1-343DE5D6DE11}.UnicodeDebug.Build.0 = Release|Win32
		{7EE5206B-1657-482A-B6A1-343DE5D6DE11}.UnicodeRelease.ActiveCfg = Release|Win32
		{7EE5206B-1657-482A-B6A1-343DE5D6DE11}.UnicodeRelease.Build.0 = Release|Win32
		{DA4DDD24-67BC-4A9D-87D3-18C73E5CAF31}.Debug.ActiveCfg = UnicodeRelease|Win32
		{DA4DDD24-67BC-4A9D-87D3-18C73E5CAF31}.Debug.Build.0 = UnicodeRelease|Win32
		{DA4DDD24-67BC-4A9D-87D3-18C73E5CAF31}.Release.ActiveCfg = UnicodeRelease|Win32
		{DA4DDD24-67BC-4A9D-87D3-18C73E5CAF31}.Release.Build.0 = UnicodeRelease|Win32
		{DA4DDD24-67BC-4A9D-87D3-18C73E5CAF31}.StrongDebug.ActiveCfg = UnicodeRelease|Win32
		{DA4DDD24-67BC-4A9D-87D3-18C73E5CAF31}.StrongDebug.Build.0 = UnicodeRelease|Win32
		{DA4DDD24-67BC-4A9D-87D3-18C73E5CAF31}.UnicodeDebug.ActiveCfg = UnicodeRelease|Win32
		{DA4DDD24-67BC-4A9D-87D3-18C73E5CAF31}.UnicodeDebug.Build.0 = UnicodeRelease|Win32
		{DA4DDD24-67BC-4A9D-87D3-18C73E5CAF31}.UnicodeRelease.ActiveCfg = UnicodeRelease|Win32
		{DA4DDD24-67BC-4A9D-87D3-18C73E5CAF31}.UnicodeRelease.Build.0 = UnicodeRelease|Win32
		{B22C844E-3380-4CCA-916C-ACD354D291C4}.Debug.ActiveCfg = Release|Win32
		{B22C844E-3380-4CCA-916C-ACD354D291C4}.Debug.Build.0 = Release|Win32
		{B22C844E-3380-4CCA-916C-ACD354D291C4}.Release.ActiveCfg = Release|Win32
		{B22C844E-3380-4CCA-916C-ACD354D291C4}.Release.Build.0 = Release|Win32
		{B22C844E-3380-4CCA-916C-ACD354D291C4}.StrongDebug.ActiveCfg = Release|Win32
		{B22C844E-3380-4CCA-916C-ACD354D291C4}.StrongDebug.Build.0 = Release|Win32
		{B22C844E-3380-4CCA-916C-ACD354D291C4}.UnicodeDebug.ActiveCfg = Release|Win32
		{B22C844E-3380-4CCA-916C-ACD354D291C4}.UnicodeDebug.Build.0 = Release|Win32
		{B22C844E-3380-4CCA-916C-ACD354D291C4}.UnicodeRelease.ActiveCfg = Release|Win32
		{B22C844E-3380-4CCA-916C-ACD354D291C4}.UnicodeRelease.Build.0 = Release|Win32
		{23B76347-204C-4DE6-A311-F562CEF5D89C}.Debug.ActiveCfg = UnicodeRelease|Win32
		{23B76347-204C-4DE6-A311-F562CEF5D89C}.Debug.Build.0 = UnicodeRelease|Win32
		{23B76347-204C-4DE6-A311-F562CEF5D89C}.Release.ActiveCfg = UnicodeRelease|Win32
		{23B76347-204C-4DE6-A311-F562CEF5D89C}.Release.Build.0 = UnicodeRelease|Win32
		{23B76347-204C-4DE6-A311-F562CEF5D89C}.StrongDebug.ActiveCfg = UnicodeRelease|Win32
		{23B76347-204C-4DE6-A311-F562CEF5D89C}.StrongDebug.Build.0 = UnicodeRelease|Win32
		{23B76347-204C-4DE6-A311-F562CEF5D89C}.UnicodeDebug.ActiveCfg = UnicodeRelease|Win32
		{23B76347-204C-4DE6-A311-F562CEF5D89C}.UnicodeDebug.Build.0 = UnicodeRelease|Win32
		{23B76347-204C-4DE6-A311-F562CEF5D89C}.UnicodeRelease.ActiveCfg = UnicodeRelease|Win32
		{23B76347-204C-4DE6-A311-F562CEF5D89C}.UnicodeRelease.Build.0 = UnicodeRelease|Win32
		{23B76347-204C-4DE6-A311-F562CEF5D89C}.Debug.ActiveCfg = UnicodeRelease|Win32
		{23B76347-204C-4DE6-A311-F562CEF5D89C}.Debug.Build.0 = UnicodeRelease|Win32
		{23B76347-204C-4DE6-A311-F562CEF5D89C}.Release.ActiveCfg = UnicodeRelease|Win32
		{23B76347-204C-4DE6-A311-F562CEF5D89C}.Release.Build.0 = UnicodeRelease|Win32
		{23B76347-204C-4DE6-A311-F562CEF5D89C}.StrongDebug.ActiveCfg = UnicodeRelease|Win32
		{23B76347-204C-4DE6-A311-F562CEF5D89C}.StrongDebug.Build.0 = UnicodeRelease|Win32
		{23B76347-204C-4DE6-A311-F562CEF5D89C}.UnicodeDebug.ActiveCfg = UnicodeRelease|Win32
		{23B76347-204C-4DE6-A311-F562CEF5D89C}.UnicodeDebug.Build.0 = UnicodeRelease|Win32
		{23B76347-204C-4DE6-A311-F562CEF5D89C}.UnicodeRelease.ActiveCfg = UnicodeRelease|Win32
		{23B76347-204C-4DE6-A311-F562CEF5D89C}.UnicodeRelease.Build.0 = UnicodeRelease|Win32
		{3222DC0C-0051-43EB-854C-EF59E2B4988D}.Debug.ActiveCfg = Release|Win32
		{3222DC0C-0051-43EB-854C-EF59E2B4988D}.Debug.Build.0 = Release|Win32
		{3222DC0C-0051-43EB-854C-EF59E2B4988D}.Release.ActiveCfg = Release|Win32
		{3222DC0C-0051-43EB-854C-EF59E2B4988D}.Release.Build.0 = Release|Win32
		{3222DC0C-0051-43EB-854C-EF59E2B4988D}.StrongDebug.ActiveCfg = Release|Win32
		{3222DC0C-0051-43EB-854C-EF59E2B4988D}.StrongDebug.Build.0 = Release|Win32
		{3222DC0C-0051-43EB-854C-EF59E2B4988D}.UnicodeDebug.ActiveCfg = Release|Win32
		{3222DC0C-0051-43EB-854C-EF59E2B4988D}.UnicodeDebug.Build.0 = Release|Win32
		{3222DC0C-0051-43EB-854C-EF59E2B4988D}.UnicodeRelease.ActiveCfg = Release|Win32
		{3222DC0C-0051-43EB-854C-EF59E2B4988D}.UnicodeRelease.Build.0 = Release|Win32
		{2A75AA20-BFFE-4D1C-8AEC-274823223919}.Debug.ActiveCfg = UnicodeRelease|Win32
		{2A75AA20-BFFE-4D1C-8AEC-274823223919}.Debug.Build.0 = UnicodeRelease|Win32
		{2A75AA20-BFFE-4D1C-8AEC-274823223919}.Release.ActiveCfg = UnicodeRelease|Win32
		{2A75AA20-BFFE-4D1C-8AEC-274823223919}.Release.Build.0 = UnicodeRelease|Win32
		{2A75AA20-BFFE-4D1C-8AEC-274823223919}.StrongDebug.ActiveCfg = UnicodeRelease|Win32
		{2A75AA20-BFFE-4D1C-8AEC-274823223919}.StrongDebug.Build.0 = UnicodeRelease|Win32
		{2A75AA20-BFFE-4D1C-8AEC-274823223919}.UnicodeDebug.ActiveCfg = UnicodeRelease|Win32
		{2A75AA20-BFFE-4D1C-8AEC-274823223919}.UnicodeDebug.Build.0 = UnicodeRelease|Win32
		{2A75AA20-BFFE-4D1C-8AEC-274823223919}.UnicodeRelease.ActiveCfg = UnicodeRelease|Win32
		{2A75AA20-BFFE-4D1C-8AEC-274823223919}.UnicodeRelease.Build.0 = UnicodeRelease|Win32
		{23B76347-204C-4DE6-A311-F562CEF5D89C}.Debug.ActiveCfg = UnicodeRelease|Win32
		{23B76347-204C-4DE6-A311-F562CEF5D89C}.Debug.Build.0 = UnicodeRelease|Win32
		{23B76347-204C-4DE6-A311-F562CEF5D89C}.Release.ActiveCfg = UnicodeRelease|Win32
		{23B76347-204C-4DE6-A311-F562CEF5D89C}.Release.Build.0 = UnicodeRelease|Win32
		{23B76347-204C-4DE6-A311-F562CEF5D89C}.StrongDebug.ActiveCfg = UnicodeRelease|Win32
		{23B76347-204C-4DE6-A311-F562CEF5D89C}.StrongDebug.Build.0 = UnicodeRelease|Win32
		{23B76347-204C-4DE6-A311-F562CEF5D89C}.UnicodeDebug.ActiveCfg = UnicodeRelease|Win32
		{23B76347-204C-4DE6-A311-F562CEF5D89C}.UnicodeDebug.Build.0 = UnicodeRelease|Win32
		{23B76347-204C-4DE6-A311-F562CEF5D89C}.UnicodeRelease.ActiveCfg = UnicodeRelease|Win32
		{23B76347-204C-4DE6-A311-F562CEF5D89C}.UnicodeRelease.Build.0 = UnicodeRelease|Win32
		{23B76347-204C-4DE6-A311-F562CEF5D89C}.Debug.ActiveCfg = UnicodeRelease|Win32
		{23B76347-204C-4DE6-A311-F562CEF5D89C}.Debug.Build.0 = UnicodeRelease|Win32
		{23B76347-204C-4DE6-A311-F562CEF5D89C}.Release.ActiveCfg = UnicodeRelease|Win32
		{23B76347-204C-4DE6-A311-F562CEF5D89C}.Release.Build.0 = UnicodeRelease|Win32
		{23B76347-204C-4DE6-A311-F562CEF5D89C}.StrongDebug.ActiveCfg = UnicodeRelease|Win32
		{23B76347-204C-4DE6-A311-F562CEF5D89C}.StrongDebug.Build.0 = UnicodeRelease|Win32
		{23B76347-204C-4DE6-A311-F562CEF5D89C}.UnicodeDebug.ActiveCfg = UnicodeRelease|Win32
		{23B76347-204C-4DE6-A311-F562CEF5D89C}.UnicodeDebug.Build.0 = UnicodeRelease|Win32
		{23B76347-204C-4DE6-A311-F562CEF5D89C}.UnicodeRelease.ActiveCfg = UnicodeRelease|Win32
		{23B76347-204C-4DE6-A311-F562CEF5D89C}.UnicodeRelease.Build.0 = UnicodeRelease|Win32
		{0F62BE24-501D-46D8-AFCD-4472C9019DD1}.Debug.ActiveCfg = Release|Win32
		{0F62BE24-501D-46D8-AFCD-4472C9019DD1}.Debug.Build.0 = Release|Win32
		{0F62BE24-501D-46D8-AFCD-4472C9019DD1}.Release.ActiveCfg = Release|Win32
		{0F62BE24-501D-46D8-AFCD-4472C9019DD1}.Release.Build.0 = Release|Win32
		{0F62BE24-501D-46D8-AFCD-4472C9019DD1}.StrongDebug.ActiveCfg = Release|Win32
		{0F62BE24-501D-46D8-AFCD-4472C9019DD1}.StrongDebug.Build.0 = Release|Win32
		{0F62BE24-501D-46D8-AFCD-4472C9019DD1}.UnicodeDebug.ActiveCfg = Release|Win32
		{0F62BE24-501D-46D8-AFCD-4472C9019DD1}.UnicodeDebug.Build.0 = Release|Win32
		{0F62BE24-501D-46D8-AFCD-4472C9019DD1}.UnicodeRelease.ActiveCfg = Release|Win32
		{0F62BE24-501D-46D8-AFCD-4472C9019DD1}.UnicodeRelease.Build.0 = Release|Win32
	EndGlobalSection
	GlobalSection(ExtensibilityGlobals) = postSolution
	EndGlobalSection
	GlobalSection(ExtensibilityAddIns) = postSolution
	EndGlobalSection
EndGlobal
