<?xml version="1.0" encoding="utf-8"?>
<Project ToolsVersion="4.0" xmlns="http://schemas.microsoft.com/developer/msbuild/2003">
  <ItemGroup>
    <Filter Include="Resource Files">
      <UniqueIdentifier>{CB8AF061-B758-E3FB-3ECA-675C47CB7DCB}</UniqueIdentifier>
    </Filter>
    <Filter Include="Header Files">
      <UniqueIdentifier>{F433DB4A-1AFE-28FF-1FB5-A8FFB39E8C28}</UniqueIdentifier>
    </Filter>
    <Filter Include="Resource Files\embedded">
      <UniqueIdentifier>{D5A2FE8B-DF52-9F86-BE1E-908CF4F12833}</UniqueIdentifier>
    </Filter>
  </ItemGroup>
  <ItemGroup>
    <None Include=".Portuguese_Brazil.txt" />
    <None Include="res\windirstat.rc2">
      <Filter>Resource Files</Filter>
    </None>
    <None Include="..\bitmap1.bmp">
      <Filter>Resource Files\embedded</Filter>
    </None>
    <None Include="..\junctionpoint.bmp">
      <Filter>Resource Files\embedded</Filter>
    </None>
    <None Include="..\Toolbar.bmp">
      <Filter>Resource Files\embedded</Filter>
    </None>
    <None Include="..\linkhand.cur">
      <Filter>Resource Files\embedded</Filter>
    </None>
    <None Include="..\icon1.ico">
      <Filter>Resource Files\embedded</Filter>
    </None>
    <None Include="..\license.txt">
      <Filter>Resource Files\embedded</Filter>
    </None>
  </ItemGroup>
  <ItemGroup>
    <ClInclude Include="..\..\..\common\version.h">
      <Filter>Header Files</Filter>
    </ClInclude>
    <ClInclude Include="..\..\resource.h">
      <Filter>Header Files</Filter>
    </ClInclude>
  </ItemGroup>
  <ItemGroup>
    <ResourceCompile Include="windirstat.rc">
      <Filter>Resource Files</Filter>
    </ResourceCompile>
    <ResourceCompile Include="..\..\..\common\version.rc">
      <Filter>Resource Files</Filter>
    </ResourceCompile>
  </ItemGroup>
</Project>
