<?xml version="1.0" encoding="utf-8"?>
<Project ToolsVersion="4.0" xmlns="http://schemas.microsoft.com/developer/msbuild/2003">
  <ItemGroup>
    <Filter Include="Resource Files">
      <UniqueIdentifier>{A955F311-C33D-B9C4-19EB-E09386BC9B0E}</UniqueIdentifier>
    </Filter>
    <Filter Include="Header Files">
      <UniqueIdentifier>{4713A9F6-93C3-E80B-F4B3-7C8C2CBE26FB}</UniqueIdentifier>
    </Filter>
    <Filter Include="Resource Files\embedded">
      <UniqueIdentifier>{D159FBBB-A9EF-DC8C-29FB-CA20A0BC8D78}</UniqueIdentifier>
    </Filter>
  </ItemGroup>
  <ItemGroup>
    <None Include=".Estonian.txt" />
    <None Include="res\windirstat.rc2">
      <Filter>Resource Files</Filter>
    </None>
    <None Include="..\bitmap1.bmp">
      <Filter>Resource Files\embedded</Filter>
    </None>
    <None Include="..\junctionpoint.bmp">
      <Filter>Resource Files\embedded</Filter>
    </None>
    <None Include="..\Toolbar.bmp">
      <Filter>Resource Files\embedded</Filter>
    </None>
    <None Include="..\linkhand.cur">
      <Filter>Resource Files\embedded</Filter>
    </None>
    <None Include="..\icon1.ico">
      <Filter>Resource Files\embedded</Filter>
    </None>
    <None Include="..\license.txt">
      <Filter>Resource Files\embedded</Filter>
    </None>
  </ItemGroup>
  <ItemGroup>
    <ClInclude Include="..\..\..\common\version.h">
      <Filter>Header Files</Filter>
    </ClInclude>
    <ClInclude Include="..\..\resource.h">
      <Filter>Header Files</Filter>
    </ClInclude>
  </ItemGroup>
  <ItemGroup>
    <ResourceCompile Include="windirstat.rc">
      <Filter>Resource Files</Filter>
    </ResourceCompile>
    <ResourceCompile Include="..\..\..\common\version.rc">
      <Filter>Resource Files</Filter>
    </ResourceCompile>
  </ItemGroup>
</Project>
