<?xml version="1.0" encoding="utf-8"?>
<Project ToolsVersion="4.0" xmlns="http://schemas.microsoft.com/developer/msbuild/2003">
  <ItemGroup>
    <Filter Include="Resource Files">
      <UniqueIdentifier>{081EC6CE-980C-9FF9-E164-68B1EB4777D1}</UniqueIdentifier>
    </Filter>
    <Filter Include="Resource Files\040a.Spanish">
      <UniqueIdentifier>{C02681AA-54B9-BCF3-E132-F2C5C44B1A0D}</UniqueIdentifier>
    </Filter>
    <Filter Include="Resource Files\embedded">
      <UniqueIdentifier>{07A638B3-6914-B90D-2954-E6772DC9A2A2}</UniqueIdentifier>
    </Filter>
    <Filter Include="Resource Files\embedded\..">
      <UniqueIdentifier>{F8B09B5C-DE48-1C23-8E9B-8E7CDB9CF56B}</UniqueIdentifier>
    </Filter>
    <Filter Include="Resource Files\embedded\..\..">
      <UniqueIdentifier>{3F083A10-DD16-B01D-C48E-724467724B5A}</UniqueIdentifier>
    </Filter>
    <Filter Include="Resource Files\embedded\..\..\common">
      <UniqueIdentifier>{F374AFDE-B0EA-2B6B-B444-5BE92A8D60AC}</UniqueIdentifier>
    </Filter>
  </ItemGroup>
  <ItemGroup>
    <None Include="res\windirstat.rc2">
      <Filter>Resource Files\040a.Spanish</Filter>
    </None>
    <None Include="..\bitmap1.bmp">
      <Filter>Resource Files\embedded</Filter>
    </None>
    <None Include="..\junctionpoint.bmp">
      <Filter>Resource Files\embedded</Filter>
    </None>
    <None Include="..\Toolbar.bmp">
      <Filter>Resource Files\embedded</Filter>
    </None>
    <None Include="..\linkhand.cur">
      <Filter>Resource Files\embedded</Filter>
    </None>
    <None Include="..\license.txt">
      <Filter>Resource Files\embedded</Filter>
    </None>
  </ItemGroup>
  <ItemGroup>
    <ClInclude Include="..\..\..\common\version.h">
      <Filter>Resource Files\embedded\..\..\common</Filter>
    </ClInclude>
    <ClInclude Include="..\..\resource.h">
      <Filter>Resource Files\embedded\..</Filter>
    </ClInclude>
  </ItemGroup>
  <ItemGroup>
    <ResourceCompile Include="windirstat.rc">
      <Filter>Resource Files\040a.Spanish</Filter>
    </ResourceCompile>
    <ResourceCompile Include="..\..\..\common\version.rc">
      <Filter>Resource Files\embedded\..\..\common</Filter>
    </ResourceCompile>
  </ItemGroup>
</Project>
