<?xml version="1.0" encoding="utf-8"?>
<Project ToolsVersion="4.0" xmlns="http://schemas.microsoft.com/developer/msbuild/2003">
  <ItemGroup>
    <Filter Include="Resource Files">
      <UniqueIdentifier>{915BCD7E-C2A6-91B0-BD72-CE32633C6AE2}</UniqueIdentifier>
    </Filter>
    <Filter Include="Resource Files\040c.French">
      <UniqueIdentifier>{0501B092-7B57-464E-FA36-0E4656EEB600}</UniqueIdentifier>
    </Filter>
    <Filter Include="Resource Files\embedded">
      <UniqueIdentifier>{B621C87F-C8A8-3C78-7B03-BEF282B7A0C1}</UniqueIdentifier>
    </Filter>
    <Filter Include="Resource Files\embedded\..">
      <UniqueIdentifier>{57EA1D7B-710D-355C-3801-1177BF3BBA95}</UniqueIdentifier>
    </Filter>
    <Filter Include="Resource Files\embedded\..\..">
      <UniqueIdentifier>{5EC75529-32E9-C91C-0754-8FE7E328070F}</UniqueIdentifier>
    </Filter>
    <Filter Include="Resource Files\embedded\..\..\common">
      <UniqueIdentifier>{7AA54CEB-BD4A-1B9A-5F0B-EB770111C1F5}</UniqueIdentifier>
    </Filter>
  </ItemGroup>
  <ItemGroup>
    <None Include="res\windirstat.rc2">
      <Filter>Resource Files\040c.French</Filter>
    </None>
    <None Include="..\bitmap1.bmp">
      <Filter>Resource Files\embedded</Filter>
    </None>
    <None Include="..\junctionpoint.bmp">
      <Filter>Resource Files\embedded</Filter>
    </None>
    <None Include="..\Toolbar.bmp">
      <Filter>Resource Files\embedded</Filter>
    </None>
    <None Include="..\linkhand.cur">
      <Filter>Resource Files\embedded</Filter>
    </None>
    <None Include="..\license.txt">
      <Filter>Resource Files\embedded</Filter>
    </None>
  </ItemGroup>
  <ItemGroup>
    <ClInclude Include="..\..\..\common\version.h">
      <Filter>Resource Files\embedded\..\..\common</Filter>
    </ClInclude>
    <ClInclude Include="..\..\resource.h">
      <Filter>Resource Files\embedded\..</Filter>
    </ClInclude>
  </ItemGroup>
  <ItemGroup>
    <ResourceCompile Include="windirstat.rc">
      <Filter>Resource Files\040c.French</Filter>
    </ResourceCompile>
    <ResourceCompile Include="..\..\..\common\version.rc">
      <Filter>Resource Files\embedded\..\..\common</Filter>
    </ResourceCompile>
  </ItemGroup>
</Project>
