<?xml version="1.0" encoding="utf-8"?>
<Project ToolsVersion="4.0" xmlns="http://schemas.microsoft.com/developer/msbuild/2003">
  <ItemGroup>
    <Filter Include="Header Files">
      <UniqueIdentifier>{48D5D65E-28F5-D53D-186F-23FD908A412F}</UniqueIdentifier>
    </Filter>
    <Filter Include="Header Files\Common">
      <UniqueIdentifier>{A3F39BA6-CC65-7544-398B-3F818D687ACE}</UniqueIdentifier>
    </Filter>
    <Filter Include="Source Files">
      <UniqueIdentifier>{6DC87E6B-4990-1F63-4AC3-166E48564572}</UniqueIdentifier>
    </Filter>
    <Filter Include="Source Files\Common">
      <UniqueIdentifier>{240FBEEC-022C-367E-4F3C-332BBB836A2F}</UniqueIdentifier>
    </Filter>
    <Filter Include="Source Files\Controls">
      <UniqueIdentifier>{58B807A6-D922-7836-CD41-082C57F30F2D}</UniqueIdentifier>
    </Filter>
    <Filter Include="Source Files\Dialogs">
      <UniqueIdentifier>{ED9704D9-CF24-8B4E-26A4-D7DDA6351EDB}</UniqueIdentifier>
    </Filter>
    <Filter Include="Source Files\Lua">
      <UniqueIdentifier>{4556325F-FBA9-4E61-8B92-CB3E0ADCEDA8}</UniqueIdentifier>
    </Filter>
    <Filter Include="Header Files\Controls">
      <UniqueIdentifier>{463565AC-33C1-91A1-6035-48A265809213}</UniqueIdentifier>
    </Filter>
    <Filter Include="Header Files\Dialogs">
      <UniqueIdentifier>{E1C05760-1E9F-D184-92A0-4B6CF146078C}</UniqueIdentifier>
    </Filter>
    <Filter Include="Resource Files">
      <UniqueIdentifier>{8B94EBAA-F5FC-2C67-17EA-B0CF28E72DB4}</UniqueIdentifier>
    </Filter>
    <Filter Include="Resource Files\Resources">
      <UniqueIdentifier>{FAE48057-9708-D7A8-F523-7E1B9962C744}</UniqueIdentifier>
    </Filter>
    <Filter Include="Special Files">
      <UniqueIdentifier>{38E10655-D178-C918-DFD7-45CB0E3F34CF}</UniqueIdentifier>
    </Filter>
  </ItemGroup>
  <ItemGroup>
    <None Include="res\bitmap1.bmp">
      <Filter>Resource Files\Resources</Filter>
    </None>
    <None Include="res\junctionpoint.bmp">
      <Filter>Resource Files\Resources</Filter>
    </None>
    <None Include="res\license.rtf">
      <Filter>Resource Files\Resources</Filter>
    </None>
    <None Include="res\license.txt">
      <Filter>Resource Files\Resources</Filter>
    </None>
    <None Include="res\linkhand.cur">
      <Filter>Resource Files\Resources</Filter>
    </None>
    <None Include="res\Toolbar.bmp">
      <Filter>Resource Files\Resources</Filter>
    </None>
    <None Include="res\windirstat.manifest">
      <Filter>Resource Files\Resources</Filter>
    </None>
    <None Include="res\windirstat.rc2">
      <Filter>Resource Files\Resources</Filter>
    </None>
    <None Include="..\CONTRIBUTORS.md" />
    <None Include="..\README.md" />
    <None Include="..\common\build_luajit.cmd">
      <Filter>Special Files</Filter>
    </None>
    <None Include="..\common\hgid.cmd">
      <Filter>Special Files</Filter>
    </None>
    <None Include="..\common\produce_vsprojects.cmd">
      <Filter>Special Files</Filter>
    </None>
    <None Include="..\common\setvcvars.cmd">
      <Filter>Special Files</Filter>
    </None>
    <None Include="..\premake4.lua">
      <Filter>Special Files</Filter>
    </None>
  </ItemGroup>
  <ItemGroup>
    <ClInclude Include="..\common\hgid.h">
      <Filter>Header Files\Common</Filter>
    </ClInclude>
    <ClInclude Include="..\common\commonhelpers.h">
      <Filter>Header Files\Common</Filter>
    </ClInclude>
    <ClInclude Include="..\common\cotaskmem.h">
      <Filter>Header Files\Common</Filter>
    </ClInclude>
    <ClInclude Include="..\common\mdexceptions.h">
      <Filter>Header Files\Common</Filter>
    </ClInclude>
    <ClInclude Include="..\common\tracer.h">
      <Filter>Header Files\Common</Filter>
    </ClInclude>
    <ClInclude Include="..\common\version.h">
      <Filter>Header Files\Common</Filter>
    </ClInclude>
    <ClInclude Include="..\common\wds_constants.h">
      <Filter>Header Files\Common</Filter>
    </ClInclude>
    <ClInclude Include="dirstatdoc.h">
      <Filter>Header Files</Filter>
    </ClInclude>
    <ClInclude Include="dirstatview.h">
      <Filter>Header Files</Filter>
    </ClInclude>
    <ClInclude Include="FileFindWDS.h">
      <Filter>Header Files</Filter>
    </ClInclude>
    <ClInclude Include="globalhelpers.h">
      <Filter>Header Files</Filter>
    </ClInclude>
    <ClInclude Include="helpmap.h">
      <Filter>Header Files</Filter>
    </ClInclude>
    <ClInclude Include="item.h">
      <Filter>Header Files</Filter>
    </ClInclude>
    <ClInclude Include="layout.h">
      <Filter>Header Files</Filter>
    </ClInclude>
    <ClInclude Include="mainframe.h">
      <Filter>Header Files</Filter>
    </ClInclude>
    <ClInclude Include="ModalApiShuttle.h">
      <Filter>Header Files</Filter>
    </ClInclude>
    <ClInclude Include="ModalShellApi.h">
      <Filter>Header Files</Filter>
    </ClInclude>
    <ClInclude Include="mountpoints.h">
      <Filter>Header Files</Filter>
    </ClInclude>
    <ClInclude Include="options.h">
      <Filter>Header Files</Filter>
    </ClInclude>
    <ClInclude Include="osspecific.h">
      <Filter>Header Files</Filter>
    </ClInclude>
    <ClInclude Include="PageCleanups.h">
      <Filter>Header Files</Filter>
    </ClInclude>
    <ClInclude Include="PageGeneral.h">
      <Filter>Header Files</Filter>
    </ClInclude>
    <ClInclude Include="PageTreelist.h">
      <Filter>Header Files</Filter>
    </ClInclude>
    <ClInclude Include="PageTreemap.h">
      <Filter>Header Files</Filter>
    </ClInclude>
    <ClInclude Include="resource.h">
      <Filter>Header Files</Filter>
    </ClInclude>
    <ClInclude Include="selectobject.h">
      <Filter>Header Files</Filter>
    </ClInclude>
    <ClInclude Include="set.h">
      <Filter>Header Files</Filter>
    </ClInclude>
    <ClInclude Include="stdafx.h">
      <Filter>Header Files</Filter>
    </ClInclude>
    <ClInclude Include="WDS_Lua_C.h">
      <Filter>Header Files</Filter>
    </ClInclude>
    <ClInclude Include="windirstat.h">
      <Filter>Header Files</Filter>
    </ClInclude>
    <ClInclude Include="WorkLimiter.h">
      <Filter>Header Files</Filter>
    </ClInclude>
    <ClInclude Include="Controls\ColorButton.h">
      <Filter>Header Files\Controls</Filter>
    </ClInclude>
    <ClInclude Include="Controls\graphview.h">
      <Filter>Header Files\Controls</Filter>
    </ClInclude>
    <ClInclude Include="Controls\myimagelist.h">
      <Filter>Header Files\Controls</Filter>
    </ClInclude>
    <ClInclude Include="Controls\ownerdrawnlistcontrol.h">
      <Filter>Header Files\Controls</Filter>
    </ClInclude>
    <ClInclude Include="Controls\pacman.h">
      <Filter>Header Files\Controls</Filter>
    </ClInclude>
    <ClInclude Include="Controls\sortinglistcontrol.h">
      <Filter>Header Files\Controls</Filter>
    </ClInclude>
    <ClInclude Include="Controls\TreeListControl.h">
      <Filter>Header Files\Controls</Filter>
    </ClInclude>
    <ClInclude Include="Controls\treemap.h">
      <Filter>Header Files\Controls</Filter>
    </ClInclude>
    <ClInclude Include="Controls\typeview.h">
      <Filter>Header Files\Controls</Filter>
    </ClInclude>
    <ClInclude Include="Controls\xyslider.h">
      <Filter>Header Files\Controls</Filter>
    </ClInclude>
    <ClInclude Include="Dialogs\AboutDlg.h">
      <Filter>Header Files\Dialogs</Filter>
    </ClInclude>
    <ClInclude Include="Dialogs\DeleteWarningDlg.h">
      <Filter>Header Files\Dialogs</Filter>
    </ClInclude>
    <ClInclude Include="Dialogs\SelectDrivesDlg.h">
      <Filter>Header Files\Dialogs</Filter>
    </ClInclude>
  </ItemGroup>
  <ItemGroup>
    <ClCompile Include="..\common\commonhelpers.cpp">
      <Filter>Source Files\Common</Filter>
    </ClCompile>
    <ClCompile Include="..\common\wds_constants.cpp">
      <Filter>Source Files\Common</Filter>
    </ClCompile>
    <ClCompile Include="dirstatdoc.cpp">
      <Filter>Source Files</Filter>
    </ClCompile>
    <ClCompile Include="dirstatview.cpp">
      <Filter>Source Files</Filter>
    </ClCompile>
    <ClCompile Include="FileFindWDS.cpp">
      <Filter>Source Files</Filter>
    </ClCompile>
    <ClCompile Include="globalhelpers.cpp">
      <Filter>Source Files</Filter>
    </ClCompile>
    <ClCompile Include="item.cpp">
      <Filter>Source Files</Filter>
    </ClCompile>
    <ClCompile Include="layout.cpp">
      <Filter>Source Files</Filter>
    </ClCompile>
    <ClCompile Include="mainframe.cpp">
      <Filter>Source Files</Filter>
    </ClCompile>
    <ClCompile Include="ModalApiShuttle.cpp">
      <Filter>Source Files</Filter>
    </ClCompile>
    <ClCompile Include="ModalShellApi.cpp">
      <Filter>Source Files</Filter>
    </ClCompile>
    <ClCompile Include="mountpoints.cpp">
      <Filter>Source Files</Filter>
    </ClCompile>
    <ClCompile Include="options.cpp">
      <Filter>Source Files</Filter>
    </ClCompile>
    <ClCompile Include="osspecific.cpp">
      <Filter>Source Files</Filter>
    </ClCompile>
    <ClCompile Include="PageCleanups.cpp">
      <Filter>Source Files</Filter>
    </ClCompile>
    <ClCompile Include="PageGeneral.cpp">
      <Filter>Source Files</Filter>
    </ClCompile>
    <ClCompile Include="PageTreelist.cpp">
      <Filter>Source Files</Filter>
    </ClCompile>
    <ClCompile Include="PageTreemap.cpp">
      <Filter>Source Files</Filter>
    </ClCompile>
    <ClCompile Include="stdafx.cpp">
      <Filter>Source Files</Filter>
    </ClCompile>
    <ClCompile Include="windirstat.cpp">
      <Filter>Source Files</Filter>
    </ClCompile>
    <ClCompile Include="WorkLimiter.cpp">
      <Filter>Source Files</Filter>
    </ClCompile>
    <ClCompile Include="Controls\ColorButton.cpp">
      <Filter>Source Files\Controls</Filter>
    </ClCompile>
    <ClCompile Include="Controls\graphview.cpp">
      <Filter>Source Files\Controls</Filter>
    </ClCompile>
    <ClCompile Include="Controls\myimagelist.cpp">
      <Filter>Source Files\Controls</Filter>
    </ClCompile>
    <ClCompile Include="Controls\ownerdrawnlistcontrol.cpp">
      <Filter>Source Files\Controls</Filter>
    </ClCompile>
    <ClCompile Include="Controls\pacman.cpp">
      <Filter>Source Files\Controls</Filter>
    </ClCompile>
    <ClCompile Include="Controls\sortinglistcontrol.cpp">
      <Filter>Source Files\Controls</Filter>
    </ClCompile>
    <ClCompile Include="Controls\TreeListControl.cpp">
      <Filter>Source Files\Controls</Filter>
    </ClCompile>
    <ClCompile Include="Controls\treemap.cpp">
      <Filter>Source Files\Controls</Filter>
    </ClCompile>
    <ClCompile Include="Controls\typeview.cpp">
      <Filter>Source Files\Controls</Filter>
    </ClCompile>
    <ClCompile Include="Controls\xyslider.cpp">
      <Filter>Source Files\Controls</Filter>
    </ClCompile>
    <ClCompile Include="Dialogs\aboutdlg.cpp">
      <Filter>Source Files\Dialogs</Filter>
    </ClCompile>
    <ClCompile Include="Dialogs\DeleteWarningDlg.cpp">
      <Filter>Source Files\Dialogs</Filter>
    </ClCompile>
    <ClCompile Include="Dialogs\SelectDrivesDlg.cpp">
      <Filter>Source Files\Dialogs</Filter>
    </ClCompile>
    <ClCompile Include="WDS_Lua_C.c">
      <Filter>Source Files\Lua</Filter>
    </ClCompile>
  </ItemGroup>
  <ItemGroup>
    <ResourceCompile Include="windirstat.rc">
      <Filter>Resource Files</Filter>
    </ResourceCompile>
    <ResourceCompile Include="..\common\version.rc">
      <Filter>Resource Files</Filter>
    </ResourceCompile>
  </ItemGroup>
</Project>