<?xml version="1.0" encoding="utf-8"?>
<Project ToolsVersion="4.0" xmlns="http://schemas.microsoft.com/developer/msbuild/2003">
  <ItemGroup>
    <Filter Include="Header Files">
      <UniqueIdentifier>{598B3024-43D3-D346-8CC0-DF031DD99C45}</UniqueIdentifier>
    </Filter>
    <Filter Include="Header Files\Common">
      <UniqueIdentifier>{8B891203-6A34-DF44-86F2-F4D841DE30E8}</UniqueIdentifier>
    </Filter>
    <Filter Include="Source Files">
      <UniqueIdentifier>{0DDEF8B3-A408-7544-AE32-EDB514AE253C}</UniqueIdentifier>
    </Filter>
    <Filter Include="Source Files\Common">
      <UniqueIdentifier>{0458F963-7EB9-D44D-9999-7A0B7B596875}</UniqueIdentifier>
    </Filter>
    <Filter Include="Source Files\Controls">
      <UniqueIdentifier>{6CB6BCE5-97EA-DB40-8E71-CFF2CAE4F805}</UniqueIdentifier>
    </Filter>
    <Filter Include="Source Files\Dialogs">
      <UniqueIdentifier>{278AB985-1947-8246-859D-B7C2A32C1602}</UniqueIdentifier>
    </Filter>
    <Filter Include="Source Files\Lua">
      <UniqueIdentifier>{C7B1A375-EC91-9B4C-91F7-584EA925C513}</UniqueIdentifier>
    </Filter>
    <Filter Include="Header Files\Controls">
      <UniqueIdentifier>{DB7E3165-CAF5-9C4D-A7DC-D1A403006E86}</UniqueIdentifier>
    </Filter>
    <Filter Include="Header Files\Dialogs">
      <UniqueIdentifier>{372521BF-EF6D-0E4C-B1F6-951B3061996B}</UniqueIdentifier>
    </Filter>
    <Filter Include="Resource Files">
      <UniqueIdentifier>{1557F2DD-38BD-6847-9FCE-9BAB9011CA52}</UniqueIdentifier>
    </Filter>
    <Filter Include="Resource Files\Resources">
      <UniqueIdentifier>{22C2FF0E-A896-A941-94AA-68522EC5B8C1}</UniqueIdentifier>
    </Filter>
    <Filter Include="Special Files">
      <UniqueIdentifier>{C0801C97-2E0E-514F-A8D3-CF690DD8F4DA}</UniqueIdentifier>
    </Filter>
  </ItemGroup>
  <ItemGroup>
    <None Include="res\bitmap1.bmp">
      <Filter>Resource Files\Resources</Filter>
    </None>
    <None Include="res\icon1.ico">
      <Filter>Resource Files\Resources</Filter>
    </None>
    <None Include="res\junctionpoint.bmp">
      <Filter>Resource Files\Resources</Filter>
    </None>
    <None Include="res\license.rtf">
      <Filter>Resource Files\Resources</Filter>
    </None>
    <None Include="res\license.txt">
      <Filter>Resource Files\Resources</Filter>
    </None>
    <None Include="res\linkhand.cur">
      <Filter>Resource Files\Resources</Filter>
    </None>
    <None Include="res\Toolbar.bmp">
      <Filter>Resource Files\Resources</Filter>
    </None>
    <None Include="res\windirstat.manifest">
      <Filter>Resource Files\Resources</Filter>
    </None>
    <None Include="res\windirstat.rc2">
      <Filter>Resource Files\Resources</Filter>
    </None>
    <None Include="..\CONTRIBUTORS.md" />
    <None Include="..\README.md" />
    <None Include="..\common\BUILD">
      <Filter>Special Files</Filter>
    </None>
    <None Include="..\common\buildinc.cmd">
      <Filter>Special Files</Filter>
    </None>
    <None Include="..\common\build_luajit.cmd">
      <Filter>Special Files</Filter>
    </None>
    <None Include="..\common\produce_vsprojects.cmd">
      <Filter>Special Files</Filter>
    </None>
    <None Include="..\common\setvcvars.cmd">
      <Filter>Special Files</Filter>
    </None>
    <None Include="..\premake4.lua">
      <Filter>Special Files</Filter>
    </None>
  </ItemGroup>
  <ItemGroup>
    <ClInclude Include="..\common\buildnumber.h">
      <Filter>Header Files\Common</Filter>
    </ClInclude>
    <ClInclude Include="..\common\commonhelpers.h">
      <Filter>Header Files\Common</Filter>
    </ClInclude>
    <ClInclude Include="..\common\common_rsrcstr.h">
      <Filter>Header Files\Common</Filter>
    </ClInclude>
    <ClInclude Include="..\common\cotaskmem.h">
      <Filter>Header Files\Common</Filter>
    </ClInclude>
    <ClInclude Include="..\common\hgtip.h">
      <Filter>Header Files\Common</Filter>
    </ClInclude>
    <ClInclude Include="..\common\mdexceptions.h">
      <Filter>Header Files\Common</Filter>
    </ClInclude>
    <ClInclude Include="..\common\SimpleIni.h">
      <Filter>Header Files\Common</Filter>
    </ClInclude>
    <ClInclude Include="..\common\tracer.h">
      <Filter>Header Files\Common</Filter>
    </ClInclude>
    <ClInclude Include="..\common\version.h">
      <Filter>Header Files\Common</Filter>
    </ClInclude>
    <ClInclude Include="..\common\wds_constants.h">
      <Filter>Header Files\Common</Filter>
    </ClInclude>
    <ClInclude Include="dirstatdoc.h">
      <Filter>Header Files</Filter>
    </ClInclude>
    <ClInclude Include="dirstatview.h">
      <Filter>Header Files</Filter>
    </ClInclude>
    <ClInclude Include="FileFindWDS.h">
      <Filter>Header Files</Filter>
    </ClInclude>
    <ClInclude Include="getosplatformstring.h">
      <Filter>Header Files</Filter>
    </ClInclude>
    <ClInclude Include="globalhelpers.h">
      <Filter>Header Files</Filter>
    </ClInclude>
    <ClInclude Include="helpmap.h">
      <Filter>Header Files</Filter>
    </ClInclude>
    <ClInclude Include="item.h">
      <Filter>Header Files</Filter>
    </ClInclude>
    <ClInclude Include="layout.h">
      <Filter>Header Files</Filter>
    </ClInclude>
    <ClInclude Include="mainframe.h">
      <Filter>Header Files</Filter>
    </ClInclude>
    <ClInclude Include="ModalApiShuttle.h">
      <Filter>Header Files</Filter>
    </ClInclude>
    <ClInclude Include="ModalShellApi.h">
      <Filter>Header Files</Filter>
    </ClInclude>
    <ClInclude Include="mountpoints.h">
      <Filter>Header Files</Filter>
    </ClInclude>
    <ClInclude Include="options.h">
      <Filter>Header Files</Filter>
    </ClInclude>
    <ClInclude Include="osspecific.h">
      <Filter>Header Files</Filter>
    </ClInclude>
    <ClInclude Include="PageCleanups.h">
      <Filter>Header Files</Filter>
    </ClInclude>
    <ClInclude Include="PageGeneral.h">
      <Filter>Header Files</Filter>
    </ClInclude>
    <ClInclude Include="PageTreelist.h">
      <Filter>Header Files</Filter>
    </ClInclude>
    <ClInclude Include="PageTreemap.h">
      <Filter>Header Files</Filter>
    </ClInclude>
    <ClInclude Include="resource.h">
      <Filter>Header Files</Filter>
    </ClInclude>
    <ClInclude Include="selectobject.h">
      <Filter>Header Files</Filter>
    </ClInclude>
    <ClInclude Include="set.h">
      <Filter>Header Files</Filter>
    </ClInclude>
    <ClInclude Include="stdafx.h">
      <Filter>Header Files</Filter>
    </ClInclude>
    <ClInclude Include="WDS_Lua_C.h">
      <Filter>Header Files</Filter>
    </ClInclude>
    <ClInclude Include="windirstat.h">
      <Filter>Header Files</Filter>
    </ClInclude>
    <ClInclude Include="WorkLimiter.h">
      <Filter>Header Files</Filter>
    </ClInclude>
    <ClInclude Include="Controls\ColorButton.h">
      <Filter>Header Files\Controls</Filter>
    </ClInclude>
    <ClInclude Include="Controls\graphview.h">
      <Filter>Header Files\Controls</Filter>
    </ClInclude>
    <ClInclude Include="Controls\myimagelist.h">
      <Filter>Header Files\Controls</Filter>
    </ClInclude>
    <ClInclude Include="Controls\ownerdrawnlistcontrol.h">
      <Filter>Header Files\Controls</Filter>
    </ClInclude>
    <ClInclude Include="Controls\pacman.h">
      <Filter>Header Files\Controls</Filter>
    </ClInclude>
    <ClInclude Include="Controls\sortinglistcontrol.h">
      <Filter>Header Files\Controls</Filter>
    </ClInclude>
    <ClInclude Include="Controls\TreeListControl.h">
      <Filter>Header Files\Controls</Filter>
    </ClInclude>
    <ClInclude Include="Controls\treemap.h">
      <Filter>Header Files\Controls</Filter>
    </ClInclude>
    <ClInclude Include="Controls\typeview.h">
      <Filter>Header Files\Controls</Filter>
    </ClInclude>
    <ClInclude Include="Controls\xyslider.h">
      <Filter>Header Files\Controls</Filter>
    </ClInclude>
    <ClInclude Include="Dialogs\AboutDlg.h">
      <Filter>Header Files\Dialogs</Filter>
    </ClInclude>
    <ClInclude Include="Dialogs\DeleteWarningDlg.h">
      <Filter>Header Files\Dialogs</Filter>
    </ClInclude>
    <ClInclude Include="Dialogs\SelectDrivesDlg.h">
      <Filter>Header Files\Dialogs</Filter>
    </ClInclude>
  </ItemGroup>
  <ItemGroup>
    <ClCompile Include="..\common\commonhelpers.cpp">
      <Filter>Source Files\Common</Filter>
    </ClCompile>
    <ClCompile Include="..\common\wds_constants.cpp">
      <Filter>Source Files\Common</Filter>
    </ClCompile>
    <ClCompile Include="dirstatdoc.cpp">
      <Filter>Source Files</Filter>
    </ClCompile>
    <ClCompile Include="dirstatview.cpp">
      <Filter>Source Files</Filter>
    </ClCompile>
    <ClCompile Include="FileFindWDS.cpp">
      <Filter>Source Files</Filter>
    </ClCompile>
    <ClCompile Include="getosplatformstring.cpp">
      <Filter>Source Files</Filter>
    </ClCompile>
    <ClCompile Include="globalhelpers.cpp">
      <Filter>Source Files</Filter>
    </ClCompile>
    <ClCompile Include="item.cpp">
      <Filter>Source Files</Filter>
    </ClCompile>
    <ClCompile Include="layout.cpp">
      <Filter>Source Files</Filter>
    </ClCompile>
    <ClCompile Include="mainframe.cpp">
      <Filter>Source Files</Filter>
    </ClCompile>
    <ClCompile Include="ModalApiShuttle.cpp">
      <Filter>Source Files</Filter>
    </ClCompile>
    <ClCompile Include="ModalShellApi.cpp">
      <Filter>Source Files</Filter>
    </ClCompile>
    <ClCompile Include="mountpoints.cpp">
      <Filter>Source Files</Filter>
    </ClCompile>
    <ClCompile Include="options.cpp">
      <Filter>Source Files</Filter>
    </ClCompile>
    <ClCompile Include="osspecific.cpp">
      <Filter>Source Files</Filter>
    </ClCompile>
    <ClCompile Include="PageCleanups.cpp">
      <Filter>Source Files</Filter>
    </ClCompile>
    <ClCompile Include="PageGeneral.cpp">
      <Filter>Source Files</Filter>
    </ClCompile>
    <ClCompile Include="PageTreelist.cpp">
      <Filter>Source Files</Filter>
    </ClCompile>
    <ClCompile Include="PageTreemap.cpp">
      <Filter>Source Files</Filter>
    </ClCompile>
    <ClCompile Include="windirstat.cpp">
      <Filter>Source Files</Filter>
    </ClCompile>
    <ClCompile Include="WorkLimiter.cpp">
      <Filter>Source Files</Filter>
    </ClCompile>
    <ClCompile Include="Controls\ColorButton.cpp">
      <Filter>Source Files\Controls</Filter>
    </ClCompile>
    <ClCompile Include="Controls\graphview.cpp">
      <Filter>Source Files\Controls</Filter>
    </ClCompile>
    <ClCompile Include="Controls\myimagelist.cpp">
      <Filter>Source Files\Controls</Filter>
    </ClCompile>
    <ClCompile Include="Controls\ownerdrawnlistcontrol.cpp">
      <Filter>Source Files\Controls</Filter>
    </ClCompile>
    <ClCompile Include="Controls\pacman.cpp">
      <Filter>Source Files\Controls</Filter>
    </ClCompile>
    <ClCompile Include="Controls\sortinglistcontrol.cpp">
      <Filter>Source Files\Controls</Filter>
    </ClCompile>
    <ClCompile Include="Controls\TreeListControl.cpp">
      <Filter>Source Files\Controls</Filter>
    </ClCompile>
    <ClCompile Include="Controls\treemap.cpp">
      <Filter>Source Files\Controls</Filter>
    </ClCompile>
    <ClCompile Include="Controls\typeview.cpp">
      <Filter>Source Files\Controls</Filter>
    </ClCompile>
    <ClCompile Include="Controls\xyslider.cpp">
      <Filter>Source Files\Controls</Filter>
    </ClCompile>
    <ClCompile Include="Dialogs\aboutdlg.cpp">
      <Filter>Source Files\Dialogs</Filter>
    </ClCompile>
    <ClCompile Include="Dialogs\DeleteWarningDlg.cpp">
      <Filter>Source Files\Dialogs</Filter>
    </ClCompile>
    <ClCompile Include="Dialogs\SelectDrivesDlg.cpp">
      <Filter>Source Files\Dialogs</Filter>
    </ClCompile>
    <ClCompile Include="WDS_Lua_C.c">
      <Filter>Source Files\Lua</Filter>
    </ClCompile>
  </ItemGroup>
  <ItemGroup>
    <ResourceCompile Include="windirstat.rc">
      <Filter>Resource Files</Filter>
    </ResourceCompile>
  </ItemGroup>
</Project>
