<?xml version="1.0" encoding="utf-8"?>
<Project ToolsVersion="4.0" xmlns="http://schemas.microsoft.com/developer/msbuild/2003">
  <ItemGroup>
    <Filter Include="Header Files">
      <UniqueIdentifier>{CCC305FC-B7F2-8245-8946-E53E9C09FC77}</UniqueIdentifier>
    </Filter>
    <Filter Include="Header Files\Common">
      <UniqueIdentifier>{3024BFFB-15AE-F34A-8E61-F7CACBE22408}</UniqueIdentifier>
    </Filter>
    <Filter Include="Source Files">
      <UniqueIdentifier>{E511C7A5-6A12-9F4C-9BB0-36A9B4998109}</UniqueIdentifier>
    </Filter>
    <Filter Include="Source Files\Common">
      <UniqueIdentifier>{425B1319-44F5-A743-A620-F5A851E5A750}</UniqueIdentifier>
    </Filter>
    <Filter Include="Source Files\Controls">
      <UniqueIdentifier>{CB5FD4E1-1BA3-9A4F-BB6F-28601205113B}</UniqueIdentifier>
    </Filter>
    <Filter Include="Source Files\Dialogs">
      <UniqueIdentifier>{B2F3A075-A153-6240-A6DE-910D3BF62500}</UniqueIdentifier>
    </Filter>
    <Filter Include="Source Files\Lua">
      <UniqueIdentifier>{EEB65C72-C0E2-484E-A9DD-06496684A70A}</UniqueIdentifier>
    </Filter>
    <Filter Include="Header Files\Controls">
      <UniqueIdentifier>{8ACCDBFB-73A0-6D47-824F-7D6B03C1E794}</UniqueIdentifier>
    </Filter>
    <Filter Include="Header Files\Dialogs">
      <UniqueIdentifier>{83969A47-EDEB-C444-A00E-3BA69DF32FC4}</UniqueIdentifier>
    </Filter>
    <Filter Include="Resource Files">
      <UniqueIdentifier>{627E267E-6874-1E47-B9B3-80CF0B70487A}</UniqueIdentifier>
    </Filter>
    <Filter Include="Resource Files\Resources">
      <UniqueIdentifier>{26A34776-A302-4246-945F-754B84B91BDE}</UniqueIdentifier>
    </Filter>
    <Filter Include="Special Files">
      <UniqueIdentifier>{08AB409C-28F0-C74B-AAD5-FCCE01844956}</UniqueIdentifier>
    </Filter>
  </ItemGroup>
  <ItemGroup>
    <None Include="res\bitmap1.bmp">
      <Filter>Resource Files\Resources</Filter>
    </None>
    <None Include="res\icon1.ico">
      <Filter>Resource Files\Resources</Filter>
    </None>
    <None Include="res\junctionpoint.bmp">
      <Filter>Resource Files\Resources</Filter>
    </None>
    <None Include="res\license.rtf">
      <Filter>Resource Files\Resources</Filter>
    </None>
    <None Include="res\license.txt">
      <Filter>Resource Files\Resources</Filter>
    </None>
    <None Include="res\linkhand.cur">
      <Filter>Resource Files\Resources</Filter>
    </None>
    <None Include="res\Toolbar.bmp">
      <Filter>Resource Files\Resources</Filter>
    </None>
    <None Include="res\windirstat.manifest">
      <Filter>Resource Files\Resources</Filter>
    </None>
    <None Include="res\windirstat.rc2">
      <Filter>Resource Files\Resources</Filter>
    </None>
    <None Include="..\CONTRIBUTORS.md" />
    <None Include="..\README.md" />
    <None Include="..\common\BUILD">
      <Filter>Special Files</Filter>
    </None>
    <None Include="..\common\buildinc.cmd">
      <Filter>Special Files</Filter>
    </None>
    <None Include="..\common\build_luajit.cmd">
      <Filter>Special Files</Filter>
    </None>
    <None Include="..\common\produce_vsprojects.cmd">
      <Filter>Special Files</Filter>
    </None>
    <None Include="..\common\setvcvars.cmd">
      <Filter>Special Files</Filter>
    </None>
    <None Include="..\premake4.lua">
      <Filter>Special Files</Filter>
    </None>
  </ItemGroup>
  <ItemGroup>
    <ClInclude Include="..\common\buildnumber.h">
      <Filter>Header Files\Common</Filter>
    </ClInclude>
    <ClInclude Include="..\common\commonhelpers.h">
      <Filter>Header Files\Common</Filter>
    </ClInclude>
    <ClInclude Include="..\common\common_rsrcstr.h">
      <Filter>Header Files\Common</Filter>
    </ClInclude>
    <ClInclude Include="..\common\cotaskmem.h">
      <Filter>Header Files\Common</Filter>
    </ClInclude>
    <ClInclude Include="..\common\hgtip.h">
      <Filter>Header Files\Common</Filter>
    </ClInclude>
    <ClInclude Include="..\common\mdexceptions.h">
      <Filter>Header Files\Common</Filter>
    </ClInclude>
    <ClInclude Include="..\common\SimpleIni.h">
      <Filter>Header Files\Common</Filter>
    </ClInclude>
    <ClInclude Include="..\common\tracer.h">
      <Filter>Header Files\Common</Filter>
    </ClInclude>
    <ClInclude Include="..\common\version.h">
      <Filter>Header Files\Common</Filter>
    </ClInclude>
    <ClInclude Include="..\common\wds_constants.h">
      <Filter>Header Files\Common</Filter>
    </ClInclude>
    <ClInclude Include="dirstatdoc.h">
      <Filter>Header Files</Filter>
    </ClInclude>
    <ClInclude Include="dirstatview.h">
      <Filter>Header Files</Filter>
    </ClInclude>
    <ClInclude Include="FileFindWDS.h">
      <Filter>Header Files</Filter>
    </ClInclude>
    <ClInclude Include="getosplatformstring.h">
      <Filter>Header Files</Filter>
    </ClInclude>
    <ClInclude Include="globalhelpers.h">
      <Filter>Header Files</Filter>
    </ClInclude>
    <ClInclude Include="helpmap.h">
      <Filter>Header Files</Filter>
    </ClInclude>
    <ClInclude Include="item.h">
      <Filter>Header Files</Filter>
    </ClInclude>
    <ClInclude Include="layout.h">
      <Filter>Header Files</Filter>
    </ClInclude>
    <ClInclude Include="mainframe.h">
      <Filter>Header Files</Filter>
    </ClInclude>
    <ClInclude Include="ModalApiShuttle.h">
      <Filter>Header Files</Filter>
    </ClInclude>
    <ClInclude Include="ModalShellApi.h">
      <Filter>Header Files</Filter>
    </ClInclude>
    <ClInclude Include="mountpoints.h">
      <Filter>Header Files</Filter>
    </ClInclude>
    <ClInclude Include="options.h">
      <Filter>Header Files</Filter>
    </ClInclude>
    <ClInclude Include="osspecific.h">
      <Filter>Header Files</Filter>
    </ClInclude>
    <ClInclude Include="PageCleanups.h">
      <Filter>Header Files</Filter>
    </ClInclude>
    <ClInclude Include="PageGeneral.h">
      <Filter>Header Files</Filter>
    </ClInclude>
    <ClInclude Include="PageTreelist.h">
      <Filter>Header Files</Filter>
    </ClInclude>
    <ClInclude Include="PageTreemap.h">
      <Filter>Header Files</Filter>
    </ClInclude>
    <ClInclude Include="resource.h">
      <Filter>Header Files</Filter>
    </ClInclude>
    <ClInclude Include="selectobject.h">
      <Filter>Header Files</Filter>
    </ClInclude>
    <ClInclude Include="set.h">
      <Filter>Header Files</Filter>
    </ClInclude>
    <ClInclude Include="stdafx.h">
      <Filter>Header Files</Filter>
    </ClInclude>
    <ClInclude Include="WDS_Lua_C.h">
      <Filter>Header Files</Filter>
    </ClInclude>
    <ClInclude Include="windirstat.h">
      <Filter>Header Files</Filter>
    </ClInclude>
    <ClInclude Include="WorkLimiter.h">
      <Filter>Header Files</Filter>
    </ClInclude>
    <ClInclude Include="Controls\ColorButton.h">
      <Filter>Header Files\Controls</Filter>
    </ClInclude>
    <ClInclude Include="Controls\graphview.h">
      <Filter>Header Files\Controls</Filter>
    </ClInclude>
    <ClInclude Include="Controls\myimagelist.h">
      <Filter>Header Files\Controls</Filter>
    </ClInclude>
    <ClInclude Include="Controls\ownerdrawnlistcontrol.h">
      <Filter>Header Files\Controls</Filter>
    </ClInclude>
    <ClInclude Include="Controls\pacman.h">
      <Filter>Header Files\Controls</Filter>
    </ClInclude>
    <ClInclude Include="Controls\sortinglistcontrol.h">
      <Filter>Header Files\Controls</Filter>
    </ClInclude>
    <ClInclude Include="Controls\TreeListControl.h">
      <Filter>Header Files\Controls</Filter>
    </ClInclude>
    <ClInclude Include="Controls\treemap.h">
      <Filter>Header Files\Controls</Filter>
    </ClInclude>
    <ClInclude Include="Controls\typeview.h">
      <Filter>Header Files\Controls</Filter>
    </ClInclude>
    <ClInclude Include="Controls\xyslider.h">
      <Filter>Header Files\Controls</Filter>
    </ClInclude>
    <ClInclude Include="Dialogs\AboutDlg.h">
      <Filter>Header Files\Dialogs</Filter>
    </ClInclude>
    <ClInclude Include="Dialogs\DeleteWarningDlg.h">
      <Filter>Header Files\Dialogs</Filter>
    </ClInclude>
    <ClInclude Include="Dialogs\SelectDrivesDlg.h">
      <Filter>Header Files\Dialogs</Filter>
    </ClInclude>
  </ItemGroup>
  <ItemGroup>
    <ClCompile Include="..\common\commonhelpers.cpp">
      <Filter>Source Files\Common</Filter>
    </ClCompile>
    <ClCompile Include="..\common\wds_constants.cpp">
      <Filter>Source Files\Common</Filter>
    </ClCompile>
    <ClCompile Include="dirstatdoc.cpp">
      <Filter>Source Files</Filter>
    </ClCompile>
    <ClCompile Include="dirstatview.cpp">
      <Filter>Source Files</Filter>
    </ClCompile>
    <ClCompile Include="FileFindWDS.cpp">
      <Filter>Source Files</Filter>
    </ClCompile>
    <ClCompile Include="getosplatformstring.cpp">
      <Filter>Source Files</Filter>
    </ClCompile>
    <ClCompile Include="globalhelpers.cpp">
      <Filter>Source Files</Filter>
    </ClCompile>
    <ClCompile Include="item.cpp">
      <Filter>Source Files</Filter>
    </ClCompile>
    <ClCompile Include="layout.cpp">
      <Filter>Source Files</Filter>
    </ClCompile>
    <ClCompile Include="mainframe.cpp">
      <Filter>Source Files</Filter>
    </ClCompile>
    <ClCompile Include="ModalApiShuttle.cpp">
      <Filter>Source Files</Filter>
    </ClCompile>
    <ClCompile Include="ModalShellApi.cpp">
      <Filter>Source Files</Filter>
    </ClCompile>
    <ClCompile Include="mountpoints.cpp">
      <Filter>Source Files</Filter>
    </ClCompile>
    <ClCompile Include="options.cpp">
      <Filter>Source Files</Filter>
    </ClCompile>
    <ClCompile Include="osspecific.cpp">
      <Filter>Source Files</Filter>
    </ClCompile>
    <ClCompile Include="PageCleanups.cpp">
      <Filter>Source Files</Filter>
    </ClCompile>
    <ClCompile Include="PageGeneral.cpp">
      <Filter>Source Files</Filter>
    </ClCompile>
    <ClCompile Include="PageTreelist.cpp">
      <Filter>Source Files</Filter>
    </ClCompile>
    <ClCompile Include="PageTreemap.cpp">
      <Filter>Source Files</Filter>
    </ClCompile>
    <ClCompile Include="windirstat.cpp">
      <Filter>Source Files</Filter>
    </ClCompile>
    <ClCompile Include="WorkLimiter.cpp">
      <Filter>Source Files</Filter>
    </ClCompile>
    <ClCompile Include="Controls\ColorButton.cpp">
      <Filter>Source Files\Controls</Filter>
    </ClCompile>
    <ClCompile Include="Controls\graphview.cpp">
      <Filter>Source Files\Controls</Filter>
    </ClCompile>
    <ClCompile Include="Controls\myimagelist.cpp">
      <Filter>Source Files\Controls</Filter>
    </ClCompile>
    <ClCompile Include="Controls\ownerdrawnlistcontrol.cpp">
      <Filter>Source Files\Controls</Filter>
    </ClCompile>
    <ClCompile Include="Controls\pacman.cpp">
      <Filter>Source Files\Controls</Filter>
    </ClCompile>
    <ClCompile Include="Controls\sortinglistcontrol.cpp">
      <Filter>Source Files\Controls</Filter>
    </ClCompile>
    <ClCompile Include="Controls\TreeListControl.cpp">
      <Filter>Source Files\Controls</Filter>
    </ClCompile>
    <ClCompile Include="Controls\treemap.cpp">
      <Filter>Source Files\Controls</Filter>
    </ClCompile>
    <ClCompile Include="Controls\typeview.cpp">
      <Filter>Source Files\Controls</Filter>
    </ClCompile>
    <ClCompile Include="Controls\xyslider.cpp">
      <Filter>Source Files\Controls</Filter>
    </ClCompile>
    <ClCompile Include="Dialogs\aboutdlg.cpp">
      <Filter>Source Files\Dialogs</Filter>
    </ClCompile>
    <ClCompile Include="Dialogs\DeleteWarningDlg.cpp">
      <Filter>Source Files\Dialogs</Filter>
    </ClCompile>
    <ClCompile Include="Dialogs\SelectDrivesDlg.cpp">
      <Filter>Source Files\Dialogs</Filter>
    </ClCompile>
    <ClCompile Include="WDS_Lua_C.c">
      <Filter>Source Files\Lua</Filter>
    </ClCompile>
  </ItemGroup>
  <ItemGroup>
    <ResourceCompile Include="windirstat.rc">
      <Filter>Resource Files</Filter>
    </ResourceCompile>
  </ItemGroup>
</Project>
